// !$*UTF8*$!
{
	archiveVersion = 1;
	classes = {
	};
	objectVersion = 52;
	objects = {

/* Begin PBXBuildFile section */
		2E6E06E42711BD880028F77D /* SwordRPC in Frameworks */ = {isa = PBXBuildFile; productRef = 2E6E06E32711BD880028F77D /* SwordRPC */; };
		2EA352FD26D5201900271909 /* MusicScriptingBridge.swift in Sources */ = {isa = PBXBuildFile; fileRef = 2EA352FC26D5201900271909 /* MusicScriptingBridge.swift */; };
		2EEA817B26D74993009360AF /* PreferencesView.swift in Sources */ = {isa = PBXBuildFile; fileRef = 2EEA817A26D74993009360AF /* PreferencesView.swift */; };
		2EF0AC312813E5F600EEDC5F /* RootNavigationView.swift in Sources */ = {isa = PBXBuildFile; fileRef = 2EF0AC302813E5F600EEDC5F /* RootNavigationView.swift */; };
		2EF147612836866100DBD1ED /* Sparkle in Frameworks */ = {isa = PBXBuildFile; productRef = 2EF147602836866100DBD1ED /* Sparkle */; };
		2EF147632836881300DBD1ED /* SparkleObservable.swift in Sources */ = {isa = PBXBuildFile; fileRef = 2EF147622836881300DBD1ED /* SparkleObservable.swift */; };
		2EF39E0D268D912200299C7F /* AMDiscordRPCApp.swift in Sources */ = {isa = PBXBuildFile; fileRef = 2EF39E0C268D912200299C7F /* AMDiscordRPCApp.swift */; };
		2EF39E0F268D912200299C7F /* RPCStatusView.swift in Sources */ = {isa = PBXBuildFile; fileRef = 2EF39E0E268D912200299C7F /* RPCStatusView.swift */; };
		2EF39E11268D912300299C7F /* Assets.xcassets in Resources */ = {isa = PBXBuildFile; fileRef = 2EF39E10268D912300299C7F /* Assets.xcassets */; };
		2EF39E14268D912300299C7F /* Preview Assets.xcassets in Resources */ = {isa = PBXBuildFile; fileRef = 2EF39E13268D912300299C7F /* Preview Assets.xcassets */; };
		2EF39E1D268D913A00299C7F /* DiscordRPCObservable.swift in Sources */ = {isa = PBXBuildFile; fileRef = 2EF39E1C268D913A00299C7F /* DiscordRPCObservable.swift */; };
/* End PBXBuildFile section */

/* Begin PBXFileReference section */
		2EA352FC26D5201900271909 /* MusicScriptingBridge.swift */ = {isa = PBXFileReference; lastKnownFileType = sourcecode.swift; path = MusicScriptingBridge.swift; sourceTree = "<group>"; };
		2EEA817A26D74993009360AF /* PreferencesView.swift */ = {isa = PBXFileReference; lastKnownFileType = sourcecode.swift; path = PreferencesView.swift; sourceTree = "<group>"; };
		2EF0AC302813E5F600EEDC5F /* RootNavigationView.swift */ = {isa = PBXFileReference; lastKnownFileType = sourcecode.swift; path = RootNavigationView.swift; sourceTree = "<group>"; };
		2EF147622836881300DBD1ED /* SparkleObservable.swift */ = {isa = PBXFileReference; lastKnownFileType = sourcecode.swift; path = SparkleObservable.swift; sourceTree = "<group>"; };
		2EF39E09268D912200299C7F /* Apple Music Discord RPC.app */ = {isa = PBXFileReference; explicitFileType = wrapper.application; includeInIndex = 0; path = "Apple Music Discord RPC.app"; sourceTree = BUILT_PRODUCTS_DIR; };
		2EF39E0C268D912200299C7F /* AMDiscordRPCApp.swift */ = {isa = PBXFileReference; lastKnownFileType = sourcecode.swift; path = AMDiscordRPCApp.swift; sourceTree = "<group>"; };
		2EF39E0E268D912200299C7F /* RPCStatusView.swift */ = {isa = PBXFileReference; lastKnownFileType = sourcecode.swift; path = RPCStatusView.swift; sourceTree = "<group>"; };
		2EF39E10268D912300299C7F /* Assets.xcassets */ = {isa = PBXFileReference; lastKnownFileType = folder.assetcatalog; path = Assets.xcassets; sourceTree = "<group>"; };
		2EF39E13268D912300299C7F /* Preview Assets.xcassets */ = {isa = PBXFileReference; lastKnownFileType = folder.assetcatalog; path = "Preview Assets.xcassets"; sourceTree = "<group>"; };
		2EF39E15268D912300299C7F /* Info.plist */ = {isa = PBXFileReference; lastKnownFileType = text.plist.xml; path = Info.plist; sourceTree = "<group>"; };
		2EF39E16268D912300299C7F /* AppleMusicDiscordRPC.entitlements */ = {isa = PBXFileReference; lastKnownFileType = text.plist.entitlements; path = AppleMusicDiscordRPC.entitlements; sourceTree = "<group>"; };
		2EF39E1C268D913A00299C7F /* DiscordRPCObservable.swift */ = {isa = PBXFileReference; lastKnownFileType = sourcecode.swift; path = DiscordRPCObservable.swift; sourceTree = "<group>"; };
/* End PBXFileReference section */

/* Begin PBXFrameworksBuildPhase section */
		2EF39E06268D912200299C7F /* Frameworks */ = {
			isa = PBXFrameworksBuildPhase;
			buildActionMask = 2147483647;
			files = (
				2E6E06E42711BD880028F77D /* SwordRPC in Frameworks */,
				2EF147612836866100DBD1ED /* Sparkle in Frameworks */,
			);
			runOnlyForDeploymentPostprocessing = 0;
		};
/* End PBXFrameworksBuildPhase section */

/* Begin PBXGroup section */
		2EF0AC322813EBB100EEDC5F /* Modals */ = {
			isa = PBXGroup;
			children = (
				2EA352FC26D5201900271909 /* MusicScriptingBridge.swift */,
				2EF39E1C268D913A00299C7F /* DiscordRPCObservable.swift */,
				2EF147622836881300DBD1ED /* SparkleObservable.swift */,
			);
			path = Modals;
			sourceTree = "<group>";
		};
		2EF0AC332813EBC000EEDC5F /* Views */ = {
			isa = PBXGroup;
			children = (
				2EF39E0E268D912200299C7F /* RPCStatusView.swift */,
				2EEA817A26D74993009360AF /* PreferencesView.swift */,
				2EF0AC302813E5F600EEDC5F /* RootNavigationView.swift */,
			);
			path = Views;
			sourceTree = "<group>";
		};
		2EF39E00268D912200299C7F = {
			isa = PBXGroup;
			children = (
				2EF39E0B268D912200299C7F /* AppleMusicDiscordRPC */,
				2EF39E0A268D912200299C7F /* Products */,
			);
			sourceTree = "<group>";
		};
		2EF39E0A268D912200299C7F /* Products */ = {
			isa = PBXGroup;
			children = (
				2EF39E09268D912200299C7F /* Apple Music Discord RPC.app */,
			);
			name = Products;
			sourceTree = "<group>";
		};
		2EF39E0B268D912200299C7F /* AppleMusicDiscordRPC */ = {
			isa = PBXGroup;
			children = (
				2EF0AC322813EBB100EEDC5F /* Modals */,
				2EF0AC332813EBC000EEDC5F /* Views */,
				2EF39E0C268D912200299C7F /* AMDiscordRPCApp.swift */,
				2EF39E10268D912300299C7F /* Assets.xcassets */,
				2EF39E15268D912300299C7F /* Info.plist */,
				2EF39E16268D912300299C7F /* AppleMusicDiscordRPC.entitlements */,
				2EF39E12268D912300299C7F /* Preview Content */,
			);
			path = AppleMusicDiscordRPC;
			sourceTree = "<group>";
		};
		2EF39E12268D912300299C7F /* Preview Content */ = {
			isa = PBXGroup;
			children = (
				2EF39E13268D912300299C7F /* Preview Assets.xcassets */,
			);
			path = "Preview Content";
			sourceTree = "<group>";
		};
/* End PBXGroup section */

/* Begin PBXNativeTarget section */
		2EF39E08268D912200299C7F /* Apple Music Discord RPC */ = {
			isa = PBXNativeTarget;
			buildConfigurationList = 2EF39E19268D912300299C7F /* Build configuration list for PBXNativeTarget "Apple Music Discord RPC" */;
			buildPhases = (
				2EF39E05268D912200299C7F /* Sources */,
				2EF39E06268D912200299C7F /* Frameworks */,
				2EF39E07268D912200299C7F /* Resources */,
			);
			buildRules = (
			);
			dependencies = (
			);
			name = "Apple Music Discord RPC";
			packageProductDependencies = (
				2E6E06E32711BD880028F77D /* SwordRPC */,
				2EF147602836866100DBD1ED /* Sparkle */,
			);
			productName = AppleMusicRichPresence;
			productReference = 2EF39E09268D912200299C7F /* Apple Music Discord RPC.app */;
			productType = "com.apple.product-type.application";
		};
/* End PBXNativeTarget section */

/* Begin PBXProject section */
		2EF39E01268D912200299C7F /* Project object */ = {
			isa = PBXProject;
			attributes = {
				LastSwiftUpdateCheck = 1250;
				LastUpgradeCheck = 1300;
				TargetAttributes = {
					2EF39E08268D912200299C7F = {
						CreatedOnToolsVersion = 12.5.1;
					};
				};
			};
			buildConfigurationList = 2EF39E04268D912200299C7F /* Build configuration list for PBXProject "AppleMusicDiscordRPC" */;
			compatibilityVersion = "Xcode 9.3";
			developmentRegion = en;
			hasScannedForEncodings = 0;
			knownRegions = (
				en,
				Base,
			);
			mainGroup = 2EF39E00268D912200299C7F;
			packageReferences = (
				2E6E06E22711BD880028F77D /* XCRemoteSwiftPackageReference "SwordRPC" */,
				2EF1475F2836866100DBD1ED /* XCRemoteSwiftPackageReference "Sparkle" */,
			);
			productRefGroup = 2EF39E0A268D912200299C7F /* Products */;
			projectDirPath = "";
			projectRoot = "";
			targets = (
				2EF39E08268D912200299C7F /* Apple Music Discord RPC */,
			);
		};
/* End PBXProject section */

/* Begin PBXResourcesBuildPhase section */
		2EF39E07268D912200299C7F /* Resources */ = {
			isa = PBXResourcesBuildPhase;
			buildActionMask = 2147483647;
			files = (
				2EF39E14268D912300299C7F /* Preview Assets.xcassets in Resources */,
				2EF39E11268D912300299C7F /* Assets.xcassets in Resources */,
			);
			runOnlyForDeploymentPostprocessing = 0;
		};
/* End PBXResourcesBuildPhase section */

/* Begin PBXSourcesBuildPhase section */
		2EF39E05268D912200299C7F /* Sources */ = {
			isa = PBXSourcesBuildPhase;
			buildActionMask = 2147483647;
			files = (
				2EF0AC312813E5F600EEDC5F /* RootNavigationView.swift in Sources */,
				2EEA817B26D74993009360AF /* PreferencesView.swift in Sources */,
				2EF39E0F268D912200299C7F /* RPCStatusView.swift in Sources */,
				2EF39E1D268D913A00299C7F /* DiscordRPCObservable.swift in Sources */,
				2EA352FD26D5201900271909 /* MusicScriptingBridge.swift in Sources */,
				2EF147632836881300DBD1ED /* SparkleObservable.swift in Sources */,
				2EF39E0D268D912200299C7F /* AMDiscordRPCApp.swift in Sources */,
			);
			runOnlyForDeploymentPostprocessing = 0;
		};
/* End PBXSourcesBuildPhase section */

/* Begin XCBuildConfiguration section */
		2EF39E17268D912300299C7F /* Debug */ = {
			isa = XCBuildConfiguration;
			buildSettings = {
				ALWAYS_SEARCH_USER_PATHS = NO;
				CLANG_ANALYZER_NONNULL = YES;
				CLANG_ANALYZER_NUMBER_OBJECT_CONVERSION = YES_AGGRESSIVE;
				CLANG_CXX_LANGUAGE_STANDARD = "gnu++14";
				CLANG_CXX_LIBRARY = "libc++";
				CLANG_ENABLE_MODULES = YES;
				CLANG_ENABLE_OBJC_ARC = YES;
				CLANG_ENABLE_OBJC_WEAK = YES;
				CLANG_WARN_BLOCK_CAPTURE_AUTORELEASING = YES;
				CLANG_WARN_BOOL_CONVERSION = YES;
				CLANG_WARN_COMMA = YES;
				CLANG_WARN_CONSTANT_CONVERSION = YES;
				CLANG_WARN_DEPRECATED_OBJC_IMPLEMENTATIONS = YES;
				CLANG_WARN_DIRECT_OBJC_ISA_USAGE = YES_ERROR;
				CLANG_WARN_DOCUMENTATION_COMMENTS = YES;
				CLANG_WARN_EMPTY_BODY = YES;
				CLANG_WARN_ENUM_CONVERSION = YES;
				CLANG_WARN_INFINITE_RECURSION = YES;
				CLANG_WARN_INT_CONVERSION = YES;
				CLANG_WARN_NON_LITERAL_NULL_CONVERSION = YES;
				CLANG_WARN_OBJC_IMPLICIT_RETAIN_SELF = YES;
				CLANG_WARN_OBJC_LITERAL_CONVERSION = YES;
				CLANG_WARN_OBJC_ROOT_CLASS = YES_ERROR;
				CLANG_WARN_QUOTED_INCLUDE_IN_FRAMEWORK_HEADER = YES;
				CLANG_WARN_RANGE_LOOP_ANALYSIS = YES;
				CLANG_WARN_STRICT_PROTOTYPES = YES;
				CLANG_WARN_SUSPICIOUS_MOVE = YES;
				CLANG_WARN_UNGUARDED_AVAILABILITY = YES_AGGRESSIVE;
				CLANG_WARN_UNREACHABLE_CODE = YES;
				CLANG_WARN__DUPLICATE_METHOD_MATCH = YES;
				COPY_PHASE_STRIP = NO;
				DEBUG_INFORMATION_FORMAT = dwarf;
				ENABLE_STRICT_OBJC_MSGSEND = YES;
				ENABLE_TESTABILITY = YES;
				GCC_C_LANGUAGE_STANDARD = gnu11;
				GCC_DYNAMIC_NO_PIC = NO;
				GCC_NO_COMMON_BLOCKS = YES;
				GCC_OPTIMIZATION_LEVEL = 0;
				GCC_PREPROCESSOR_DEFINITIONS = (
					"DEBUG=1",
					"$(inherited)",
				);
				GCC_WARN_64_TO_32_BIT_CONVERSION = YES;
				GCC_WARN_ABOUT_RETURN_TYPE = YES_ERROR;
				GCC_WARN_UNDECLARED_SELECTOR = YES;
				GCC_WARN_UNINITIALIZED_AUTOS = YES_AGGRESSIVE;
				GCC_WARN_UNUSED_FUNCTION = YES;
				GCC_WARN_UNUSED_VARIABLE = YES;
				MACOSX_DEPLOYMENT_TARGET = 11.3;
				MTL_ENABLE_DEBUG_INFO = INCLUDE_SOURCE;
				MTL_FAST_MATH = YES;
				ONLY_ACTIVE_ARCH = YES;
				SDKROOT = macosx;
				SWIFT_ACTIVE_COMPILATION_CONDITIONS = DEBUG;
				SWIFT_OPTIMIZATION_LEVEL = "-Onone";
			};
			name = Debug;
		};
		2EF39E18268D912300299C7F /* Release */ = {
			isa = XCBuildConfiguration;
			buildSettings = {
				ALWAYS_SEARCH_USER_PATHS = NO;
				CLANG_ANALYZER_NONNULL = YES;
				CLANG_ANALYZER_NUMBER_OBJECT_CONVERSION = YES_AGGRESSIVE;
				CLANG_CXX_LANGUAGE_STANDARD = "gnu++14";
				CLANG_CXX_LIBRARY = "libc++";
				CLANG_ENABLE_MODULES = YES;
				CLANG_ENABLE_OBJC_ARC = YES;
				CLANG_ENABLE_OBJC_WEAK = YES;
				CLANG_WARN_BLOCK_CAPTURE_AUTORELEASING = YES;
				CLANG_WARN_BOOL_CONVERSION = YES;
				CLANG_WARN_COMMA = YES;
				CLANG_WARN_CONSTANT_CONVERSION = YES;
				CLANG_WARN_DEPRECATED_OBJC_IMPLEMENTATIONS = YES;
				CLANG_WARN_DIRECT_OBJC_ISA_USAGE = YES_ERROR;
				CLANG_WARN_DOCUMENTATION_COMMENTS = YES;
				CLANG_WARN_EMPTY_BODY = YES;
				CLANG_WARN_ENUM_CONVERSION = YES;
				CLANG_WARN_INFINITE_RECURSION = YES;
				CLANG_WARN_INT_CONVERSION = YES;
				CLANG_WARN_NON_LITERAL_NULL_CONVERSION = YES;
				CLANG_WARN_OBJC_IMPLICIT_RETAIN_SELF = YES;
				CLANG_WARN_OBJC_LITERAL_CONVERSION = YES;
				CLANG_WARN_OBJC_ROOT_CLASS = YES_ERROR;
				CLANG_WARN_QUOTED_INCLUDE_IN_FRAMEWORK_HEADER = YES;
				CLANG_WARN_RANGE_LOOP_ANALYSIS = YES;
				CLANG_WARN_STRICT_PROTOTYPES = YES;
				CLANG_WARN_SUSPICIOUS_MOVE = YES;
				CLANG_WARN_UNGUARDED_AVAILABILITY = YES_AGGRESSIVE;
				CLANG_WARN_UNREACHABLE_CODE = YES;
				CLANG_WARN__DUPLICATE_METHOD_MATCH = YES;
				COPY_PHASE_STRIP = NO;
				DEBUG_INFORMATION_FORMAT = "dwarf-with-dsym";
				ENABLE_NS_ASSERTIONS = NO;
				ENABLE_STRICT_OBJC_MSGSEND = YES;
				GCC_C_LANGUAGE_STANDARD = gnu11;
				GCC_NO_COMMON_BLOCKS = YES;
				GCC_WARN_64_TO_32_BIT_CONVERSION = YES;
				GCC_WARN_ABOUT_RETURN_TYPE = YES_ERROR;
				GCC_WARN_UNDECLARED_SELECTOR = YES;
				GCC_WARN_UNINITIALIZED_AUTOS = YES_AGGRESSIVE;
				GCC_WARN_UNUSED_FUNCTION = YES;
				GCC_WARN_UNUSED_VARIABLE = YES;
				MACOSX_DEPLOYMENT_TARGET = 11.3;
				MTL_ENABLE_DEBUG_INFO = NO;
				MTL_FAST_MATH = YES;
				SDKROOT = macosx;
				SWIFT_COMPILATION_MODE = wholemodule;
				SWIFT_OPTIMIZATION_LEVEL = "-O";
			};
			name = Release;
		};
		2EF39E1A268D912300299C7F /* Debug */ = {
			isa = XCBuildConfiguration;
			buildSettings = {
				ASSETCATALOG_COMPILER_APPICON_NAME = AppIcon;
				ASSETCATALOG_COMPILER_GLOBAL_ACCENT_COLOR_NAME = AccentColor;
				CODE_SIGN_ENTITLEMENTS = AppleMusicDiscordRPC/AppleMusicDiscordRPC.entitlements;
				CODE_SIGN_IDENTITY = "Apple Development";
				CODE_SIGN_STYLE = Automatic;
				COMBINE_HIDPI_IMAGES = YES;
				CURRENT_PROJECT_VERSION = 5;
				DEVELOPMENT_ASSET_PATHS = "\"AppleMusicDiscordRPC/Preview Content\"";
				DEVELOPMENT_TEAM = 2VZNUT7D2E;
				ENABLE_HARDENED_RUNTIME = YES;
				ENABLE_PREVIEWS = YES;
				INFOPLIST_FILE = AppleMusicDiscordRPC/Info.plist;
				LD_RUNPATH_SEARCH_PATHS = (
					"$(inherited)",
					"@executable_path/../Frameworks",
				);
				MACOSX_DEPLOYMENT_TARGET = 11.3;
				MARKETING_VERSION = 1.2.0;
				PRODUCT_BUNDLE_IDENTIFIER = me.jkelol111.AppleMusicDiscordRPC;
				PRODUCT_NAME = "$(TARGET_NAME)";
				SWIFT_VERSION = 5.0;
			};
			name = Debug;
		};
		2EF39E1B268D912300299C7F /* Release */ = {
			isa = XCBuildConfiguration;
			buildSettings = {
				ASSETCATALOG_COMPILER_APPICON_NAME = AppIcon;
				ASSETCATALOG_COMPILER_GLOBAL_ACCENT_COLOR_NAME = AccentColor;
				CODE_SIGN_ENTITLEMENTS = AppleMusicDiscordRPC/AppleMusicDiscordRPC.entitlements;
				CODE_SIGN_IDENTITY = "Apple Development";
				CODE_SIGN_STYLE = Automatic;
				COMBINE_HIDPI_IMAGES = YES;
				CURRENT_PROJECT_VERSION = 5;
				DEVELOPMENT_ASSET_PATHS = "\"AppleMusicDiscordRPC/Preview Content\"";
				DEVELOPMENT_TEAM = 2VZNUT7D2E;
				ENABLE_HARDENED_RUNTIME = YES;
				ENABLE_PREVIEWS = YES;
				INFOPLIST_FILE = AppleMusicDiscordRPC/Info.plist;
				LD_RUNPATH_SEARCH_PATHS = (
					"$(inherited)",
					"@executable_path/../Frameworks",
				);
				MACOSX_DEPLOYMENT_TARGET = 11.3;
				MARKETING_VERSION = 1.2.0;
				PRODUCT_BUNDLE_IDENTIFIER = me.jkelol111.AppleMusicDiscordRPC;
				PRODUCT_NAME = "$(TARGET_NAME)";
				SWIFT_VERSION = 5.0;
			};
			name = Release;
		};
/* End XCBuildConfiguration section */

/* Begin XCConfigurationList section */
		2EF39E04268D912200299C7F /* Build configuration list for PBXProject "AppleMusicDiscordRPC" */ = {
			isa = XCConfigurationList;
			buildConfigurations = (
				2EF39E17268D912300299C7F /* Debug */,
				2EF39E18268D912300299C7F /* Release */,
			);
			defaultConfigurationIsVisible = 0;
			defaultConfigurationName = Release;
		};
		2EF39E19268D912300299C7F /* Build configuration list for PBXNativeTarget "Apple Music Discord RPC" */ = {
			isa = XCConfigurationList;
			buildConfigurations = (
				2EF39E1A268D912300299C7F /* Debug */,
				2EF39E1B268D912300299C7F /* Release */,
			);
			defaultConfigurationIsVisible = 0;
			defaultConfigurationName = Release;
		};
/* End XCConfigurationList section */

/* Begin XCRemoteSwiftPackageReference section */
		2E6E06E22711BD880028F77D /* XCRemoteSwiftPackageReference "SwordRPC" */ = {
			isa = XCRemoteSwiftPackageReference;
			repositoryURL = "https://github.com/PKBeam/SwordRPC";
			requirement = {
				branch = master;
				kind = branch;
			};
		};
		2EF1475F2836866100DBD1ED /* XCRemoteSwiftPackageReference "Sparkle" */ = {
			isa = XCRemoteSwiftPackageReference;
			repositoryURL = "https://github.com/sparkle-project/Sparkle";
			requirement = {
				kind = upToNextMajorVersion;
				minimumVersion = 2.0.0;
			};
		};
/* End XCRemoteSwiftPackageReference section */

/* Begin XCSwiftPackageProductDependency section */
		2E6E06E32711BD880028F77D /* SwordRPC */ = {
			isa = XCSwiftPackageProductDependency;
			package = 2E6E06E22711BD880028F77D /* XCRemoteSwiftPackageReference "SwordRPC" */;
			productName = SwordRPC;
		};
		2EF147602836866100DBD1ED /* Sparkle */ = {
			isa = XCSwiftPackageProductDependency;
			package = 2EF1475F2836866100DBD1ED /* XCRemoteSwiftPackageReference "Sparkle" */;
			productName = Sparkle;
		};
/* End XCSwiftPackageProductDependency section */
	};
	rootObject = 2EF39E01268D912200299C7F /* Project object */;
}
