{
    "_meta": {
        "hash": {
            "sha256": "6d980a791df1949f92ed90945a55c8cbda1e229ff5741b4fccf942f60675ef2b"
        },
        "pipfile-spec": 6,
        "requires": {
            "python_version": "3.9"
        },
        "sources": [
            {
                "name": "pypi",
                "url": "https://pypi.org/simple",
                "verify_ssl": true
            }
        ]
    },
    "default": {
        "applescript": {
            "hashes": [
                "sha256:e39542c0411d82c3c860af23f5a54c121279a409e5cf55acfa7f881ea9798854"
            ],
            "index": "pypi",
            "version": "==2021.2.9"
        },
        "colorama": {
            "hashes": [
                "sha256:5941b2b48a20143d2267e95b1c2a7603ce057ee39fd88e7329b0c292aa16869b",
                "sha256:9f47eda37229f68eee03b24b9748937c7dc3868f906e8ba69fbcbdd3bc5dc3e2"
            ],
            "index": "pypi",
            "version": "==0.4.4"
        },
        "pypresence": {
            "hashes": [
                "sha256:54618a18085d104aa063df8296dac95cf01b922ed8aab4b021f71718bb3f19b1",
                "sha256:f477a874c4164193e47f7144d726b0ba2fe69afa2807e3bd944efe4c4c137fac"
            ],
            "index": "pypi",
            "version": "==4.2.0"
        }
    },
    "develop": {
        "altgraph": {
            "hashes": [
                "sha256:1f05a47122542f97028caf78775a095fbe6a2699b5089de8477eb583167d69aa",
                "sha256:c623e5f3408ca61d4016f23a681b9adb100802ca3e3da5e718915a9e4052cebe"
            ],
            "version": "==0.17"
        },
        "macholib": {
            "hashes": [
                "sha256:0c436bc847e7b1d9bda0560351bf76d7caf930fb585a828d13608839ef42c432",
                "sha256:c500f02867515e6c60a27875b408920d18332ddf96b4035ef03beddd782d4281"
            ],
            "markers": "sys_platform == 'darwin'",
            "version": "==1.14"
        },
        "pyinstaller": {
            "hashes": [
                "sha256:f5c0eeb2aa663cce9a5404292c0195011fa500a6501c873a466b2e8cad3c950c"
            ],
            "index": "pypi",
            "version": "==4.2"
        },
        "pyinstaller-hooks-contrib": {
            "hashes": [
                "sha256:27558072021857d89524c42136feaa2ffe4f003f1bdf0278f9b24f6902c1759c",
                "sha256:892310e6363655838485ee748bf1c5e5cade7963686d9af8650ee218a3e0b031"
            ],
            "version": "==2021.1"
        }
    }
}
